
Microsoft Visual Studio Solution File, Format Version 12.00
# Visual Studio 15
VisualStudioVersion = 15.0.26124.0
MinimumVisualStudioVersion = 15.0.26124.0
Project("{FAE04EC0-301F-11D3-BF4B-00C04F79EFBC}") = "ApiEntryPoint", "APIEntryPoint\ApiEntryPoint.csproj", "{C20F0740-6E3D-4EDA-A345-92437937533C}"
EndProject
Project("{FAE04EC0-301F-11D3-BF4B-00C04F79EFBC}") = "Infrastructure", "Infrastructure\Infrastructure.csproj", "{7FADC6CB-4C70-465B-8888-8D30238FE8D0}"
EndProject
Project("{FAE04EC0-301F-11D3-BF4B-00C04F79EFBC}") = "Tests", "Tests\Tests.csproj", "{66FC089A-E84A-40B7-9AC0-F2158CC497ED}"
EndProject
Project("{FAE04EC0-301F-11D3-BF4B-00C04F79EFBC}") = "Domain", "Domain\Domain.csproj", "{701FA7C4-50AB-4DAB-88DB-79B5E6D4DA67}"
EndProject
Project("{FAE04EC0-301F-11D3-BF4B-00C04F79EFBC}") = "Application", "Application\Application.csproj", "{06E78100-7524-44AD-80FC-ABF6EEA4BE17}"
EndProject
Global
	GlobalSection(SolutionConfigurationPlatforms) = preSolution
		Debug|Any CPU = Debug|Any CPU
		Debug|x64 = Debug|x64
		Debug|x86 = Debug|x86
		Release|Any CPU = Release|Any CPU
		Release|x64 = Release|x64
		Release|x86 = Release|x86
	EndGlobalSection
	GlobalSection(SolutionProperties) = preSolution
		HideSolutionNode = FALSE
	EndGlobalSection
	GlobalSection(ProjectConfigurationPlatforms) = postSolution
		{C20F0740-6E3D-4EDA-A345-92437937533C}.Debug|Any CPU.ActiveCfg = Debug|Any CPU
		{C20F0740-6E3D-4EDA-A345-92437937533C}.Debug|Any CPU.Build.0 = Debug|Any CPU
		{C20F0740-6E3D-4EDA-A345-92437937533C}.Debug|x64.ActiveCfg = Debug|Any CPU
		{C20F0740-6E3D-4EDA-A345-92437937533C}.Debug|x64.Build.0 = Debug|Any CPU
		{C20F0740-6E3D-4EDA-A345-92437937533C}.Debug|x86.ActiveCfg = Debug|Any CPU
		{C20F0740-6E3D-4EDA-A345-92437937533C}.Debug|x86.Build.0 = Debug|Any CPU
		{C20F0740-6E3D-4EDA-A345-92437937533C}.Release|Any CPU.ActiveCfg = Release|Any CPU
		{C20F0740-6E3D-4EDA-A345-92437937533C}.Release|Any CPU.Build.0 = Release|Any CPU
		{C20F0740-6E3D-4EDA-A345-92437937533C}.Release|x64.ActiveCfg = Release|Any CPU
		{C20F0740-6E3D-4EDA-A345-92437937533C}.Release|x64.Build.0 = Release|Any CPU
		{C20F0740-6E3D-4EDA-A345-92437937533C}.Release|x86.ActiveCfg = Release|Any CPU
		{C20F0740-6E3D-4EDA-A345-92437937533C}.Release|x86.Build.0 = Release|Any CPU
		{7FADC6CB-4C70-465B-8888-8D30238FE8D0}.Debug|Any CPU.ActiveCfg = Debug|Any CPU
		{7FADC6CB-4C70-465B-8888-8D30238FE8D0}.Debug|Any CPU.Build.0 = Debug|Any CPU
		{7FADC6CB-4C70-465B-8888-8D30238FE8D0}.Debug|x64.ActiveCfg = Debug|Any CPU
		{7FADC6CB-4C70-465B-8888-8D30238FE8D0}.Debug|x64.Build.0 = Debug|Any CPU
		{7FADC6CB-4C70-465B-8888-8D30238FE8D0}.Debug|x86.ActiveCfg = Debug|Any CPU
		{7FADC6CB-4C70-465B-8888-8D30238FE8D0}.Debug|x86.Build.0 = Debug|Any CPU
		{7FADC6CB-4C70-465B-8888-8D30238FE8D0}.Release|Any CPU.ActiveCfg = Release|Any CPU
		{7FADC6CB-4C70-465B-8888-8D30238FE8D0}.Release|Any CPU.Build.0 = Release|Any CPU
		{7FADC6CB-4C70-465B-8888-8D30238FE8D0}.Release|x64.ActiveCfg = Release|Any CPU
		{7FADC6CB-4C70-465B-8888-8D30238FE8D0}.Release|x64.Build.0 = Release|Any CPU
		{7FADC6CB-4C70-465B-8888-8D30238FE8D0}.Release|x86.ActiveCfg = Release|Any CPU
		{7FADC6CB-4C70-465B-8888-8D30238FE8D0}.Release|x86.Build.0 = Release|Any CPU
		{66FC089A-E84A-40B7-9AC0-F2158CC497ED}.Debug|Any CPU.ActiveCfg = Debug|Any CPU
		{66FC089A-E84A-40B7-9AC0-F2158CC497ED}.Debug|Any CPU.Build.0 = Debug|Any CPU
		{66FC089A-E84A-40B7-9AC0-F2158CC497ED}.Debug|x64.ActiveCfg = Debug|Any CPU
		{66FC089A-E84A-40B7-9AC0-F2158CC497ED}.Debug|x64.Build.0 = Debug|Any CPU
		{66FC089A-E84A-40B7-9AC0-F2158CC497ED}.Debug|x86.ActiveCfg = Debug|Any CPU
		{66FC089A-E84A-40B7-9AC0-F2158CC497ED}.Debug|x86.Build.0 = Debug|Any CPU
		{66FC089A-E84A-40B7-9AC0-F2158CC497ED}.Release|Any CPU.ActiveCfg = Release|Any CPU
		{66FC089A-E84A-40B7-9AC0-F2158CC497ED}.Release|Any CPU.Build.0 = Release|Any CPU
		{66FC089A-E84A-40B7-9AC0-F2158CC497ED}.Release|x64.ActiveCfg = Release|Any CPU
		{66FC089A-E84A-40B7-9AC0-F2158CC497ED}.Release|x64.Build.0 = Release|Any CPU
		{66FC089A-E84A-40B7-9AC0-F2158CC497ED}.Release|x86.ActiveCfg = Release|Any CPU
		{66FC089A-E84A-40B7-9AC0-F2158CC497ED}.Release|x86.Build.0 = Release|Any CPU
		{701FA7C4-50AB-4DAB-88DB-79B5E6D4DA67}.Debug|Any CPU.ActiveCfg = Debug|Any CPU
		{701FA7C4-50AB-4DAB-88DB-79B5E6D4DA67}.Debug|Any CPU.Build.0 = Debug|Any CPU
		{701FA7C4-50AB-4DAB-88DB-79B5E6D4DA67}.Debug|x64.ActiveCfg = Debug|Any CPU
		{701FA7C4-50AB-4DAB-88DB-79B5E6D4DA67}.Debug|x64.Build.0 = Debug|Any CPU
		{701FA7C4-50AB-4DAB-88DB-79B5E6D4DA67}.Debug|x86.ActiveCfg = Debug|Any CPU
		{701FA7C4-50AB-4DAB-88DB-79B5E6D4DA67}.Debug|x86.Build.0 = Debug|Any CPU
		{701FA7C4-50AB-4DAB-88DB-79B5E6D4DA67}.Release|Any CPU.ActiveCfg = Release|Any CPU
		{701FA7C4-50AB-4DAB-88DB-79B5E6D4DA67}.Release|Any CPU.Build.0 = Release|Any CPU
		{701FA7C4-50AB-4DAB-88DB-79B5E6D4DA67}.Release|x64.ActiveCfg = Release|Any CPU
		{701FA7C4-50AB-4DAB-88DB-79B5E6D4DA67}.Release|x64.Build.0 = Release|Any CPU
		{701FA7C4-50AB-4DAB-88DB-79B5E6D4DA67}.Release|x86.ActiveCfg = Release|Any CPU
		{701FA7C4-50AB-4DAB-88DB-79B5E6D4DA67}.Release|x86.Build.0 = Release|Any CPU
		{06E78100-7524-44AD-80FC-ABF6EEA4BE17}.Debug|Any CPU.ActiveCfg = Debug|Any CPU
		{06E78100-7524-44AD-80FC-ABF6EEA4BE17}.Debug|Any CPU.Build.0 = Debug|Any CPU
		{06E78100-7524-44AD-80FC-ABF6EEA4BE17}.Debug|x64.ActiveCfg = Debug|Any CPU
		{06E78100-7524-44AD-80FC-ABF6EEA4BE17}.Debug|x64.Build.0 = Debug|Any CPU
		{06E78100-7524-44AD-80FC-ABF6EEA4BE17}.Debug|x86.ActiveCfg = Debug|Any CPU
		{06E78100-7524-44AD-80FC-ABF6EEA4BE17}.Debug|x86.Build.0 = Debug|Any CPU
		{06E78100-7524-44AD-80FC-ABF6EEA4BE17}.Release|Any CPU.ActiveCfg = Release|Any CPU
		{06E78100-7524-44AD-80FC-ABF6EEA4BE17}.Release|Any CPU.Build.0 = Release|Any CPU
		{06E78100-7524-44AD-80FC-ABF6EEA4BE17}.Release|x64.ActiveCfg = Release|Any CPU
		{06E78100-7524-44AD-80FC-ABF6EEA4BE17}.Release|x64.Build.0 = Release|Any CPU
		{06E78100-7524-44AD-80FC-ABF6EEA4BE17}.Release|x86.ActiveCfg = Release|Any CPU
		{06E78100-7524-44AD-80FC-ABF6EEA4BE17}.Release|x86.Build.0 = Release|Any CPU
	EndGlobalSection
EndGlobal
