
Microsoft Visual Studio Solution File, Format Version 12.00
# Visual Studio 15
VisualStudioVersion = 15.0.26124.0
MinimumVisualStudioVersion = 15.0.26124.0
Project("{FAE04EC0-301F-11D3-BF4B-00C04F79EFBC}") = "ApiEntryPoint", "ApiEntryPoint\ApiEntryPoint.csproj", "{A25741A4-A9AA-4530-B9C5-D03B9AF82046}"
EndProject
Project("{FAE04EC0-301F-11D3-BF4B-00C04F79EFBC}") = "Tests", "Tests\Tests.csproj", "{A80BE38A-EB01-4DE6-A2B3-7059956DFBC9}"
EndProject
Project("{FAE04EC0-301F-11D3-BF4B-00C04F79EFBC}") = "Infrastructure", "Infrastructure\Infrastructure.csproj", "{6B83783A-9B44-413A-8C0D-82CDE1BF38DE}"
EndProject
Project("{FAE04EC0-301F-11D3-BF4B-00C04F79EFBC}") = "Application", "Application\Application.csproj", "{6F484A2A-2B4D-4BE6-8E31-A8D7C0FE8D48}"
EndProject
Project("{FAE04EC0-301F-11D3-BF4B-00C04F79EFBC}") = "Domain", "Domain\Domain.csproj", "{3B51A469-1F74-4E7D-9E6C-F89CD61E5963}"
EndProject
Global
	GlobalSection(SolutionConfigurationPlatforms) = preSolution
		Debug|Any CPU = Debug|Any CPU
		Debug|x64 = Debug|x64
		Debug|x86 = Debug|x86
		Release|Any CPU = Release|Any CPU
		Release|x64 = Release|x64
		Release|x86 = Release|x86
	EndGlobalSection
	GlobalSection(SolutionProperties) = preSolution
		HideSolutionNode = FALSE
	EndGlobalSection
	GlobalSection(ProjectConfigurationPlatforms) = postSolution
		{A25741A4-A9AA-4530-B9C5-D03B9AF82046}.Debug|Any CPU.ActiveCfg = Debug|Any CPU
		{A25741A4-A9AA-4530-B9C5-D03B9AF82046}.Debug|Any CPU.Build.0 = Debug|Any CPU
		{A25741A4-A9AA-4530-B9C5-D03B9AF82046}.Debug|x64.ActiveCfg = Debug|Any CPU
		{A25741A4-A9AA-4530-B9C5-D03B9AF82046}.Debug|x64.Build.0 = Debug|Any CPU
		{A25741A4-A9AA-4530-B9C5-D03B9AF82046}.Debug|x86.ActiveCfg = Debug|Any CPU
		{A25741A4-A9AA-4530-B9C5-D03B9AF82046}.Debug|x86.Build.0 = Debug|Any CPU
		{A25741A4-A9AA-4530-B9C5-D03B9AF82046}.Release|Any CPU.ActiveCfg = Release|Any CPU
		{A25741A4-A9AA-4530-B9C5-D03B9AF82046}.Release|Any CPU.Build.0 = Release|Any CPU
		{A25741A4-A9AA-4530-B9C5-D03B9AF82046}.Release|x64.ActiveCfg = Release|Any CPU
		{A25741A4-A9AA-4530-B9C5-D03B9AF82046}.Release|x64.Build.0 = Release|Any CPU
		{A25741A4-A9AA-4530-B9C5-D03B9AF82046}.Release|x86.ActiveCfg = Release|Any CPU
		{A25741A4-A9AA-4530-B9C5-D03B9AF82046}.Release|x86.Build.0 = Release|Any CPU
		{A80BE38A-EB01-4DE6-A2B3-7059956DFBC9}.Debug|Any CPU.ActiveCfg = Debug|Any CPU
		{A80BE38A-EB01-4DE6-A2B3-7059956DFBC9}.Debug|Any CPU.Build.0 = Debug|Any CPU
		{A80BE38A-EB01-4DE6-A2B3-7059956DFBC9}.Debug|x64.ActiveCfg = Debug|Any CPU
		{A80BE38A-EB01-4DE6-A2B3-7059956DFBC9}.Debug|x64.Build.0 = Debug|Any CPU
		{A80BE38A-EB01-4DE6-A2B3-7059956DFBC9}.Debug|x86.ActiveCfg = Debug|Any CPU
		{A80BE38A-EB01-4DE6-A2B3-7059956DFBC9}.Debug|x86.Build.0 = Debug|Any CPU
		{A80BE38A-EB01-4DE6-A2B3-7059956DFBC9}.Release|Any CPU.ActiveCfg = Release|Any CPU
		{A80BE38A-EB01-4DE6-A2B3-7059956DFBC9}.Release|Any CPU.Build.0 = Release|Any CPU
		{A80BE38A-EB01-4DE6-A2B3-7059956DFBC9}.Release|x64.ActiveCfg = Release|Any CPU
		{A80BE38A-EB01-4DE6-A2B3-7059956DFBC9}.Release|x64.Build.0 = Release|Any CPU
		{A80BE38A-EB01-4DE6-A2B3-7059956DFBC9}.Release|x86.ActiveCfg = Release|Any CPU
		{A80BE38A-EB01-4DE6-A2B3-7059956DFBC9}.Release|x86.Build.0 = Release|Any CPU
		{6B83783A-9B44-413A-8C0D-82CDE1BF38DE}.Debug|Any CPU.ActiveCfg = Debug|Any CPU
		{6B83783A-9B44-413A-8C0D-82CDE1BF38DE}.Debug|Any CPU.Build.0 = Debug|Any CPU
		{6B83783A-9B44-413A-8C0D-82CDE1BF38DE}.Debug|x64.ActiveCfg = Debug|Any CPU
		{6B83783A-9B44-413A-8C0D-82CDE1BF38DE}.Debug|x64.Build.0 = Debug|Any CPU
		{6B83783A-9B44-413A-8C0D-82CDE1BF38DE}.Debug|x86.ActiveCfg = Debug|Any CPU
		{6B83783A-9B44-413A-8C0D-82CDE1BF38DE}.Debug|x86.Build.0 = Debug|Any CPU
		{6B83783A-9B44-413A-8C0D-82CDE1BF38DE}.Release|Any CPU.ActiveCfg = Release|Any CPU
		{6B83783A-9B44-413A-8C0D-82CDE1BF38DE}.Release|Any CPU.Build.0 = Release|Any CPU
		{6B83783A-9B44-413A-8C0D-82CDE1BF38DE}.Release|x64.ActiveCfg = Release|Any CPU
		{6B83783A-9B44-413A-8C0D-82CDE1BF38DE}.Release|x64.Build.0 = Release|Any CPU
		{6B83783A-9B44-413A-8C0D-82CDE1BF38DE}.Release|x86.ActiveCfg = Release|Any CPU
		{6B83783A-9B44-413A-8C0D-82CDE1BF38DE}.Release|x86.Build.0 = Release|Any CPU
		{6F484A2A-2B4D-4BE6-8E31-A8D7C0FE8D48}.Debug|Any CPU.ActiveCfg = Debug|Any CPU
		{6F484A2A-2B4D-4BE6-8E31-A8D7C0FE8D48}.Debug|Any CPU.Build.0 = Debug|Any CPU
		{6F484A2A-2B4D-4BE6-8E31-A8D7C0FE8D48}.Debug|x64.ActiveCfg = Debug|Any CPU
		{6F484A2A-2B4D-4BE6-8E31-A8D7C0FE8D48}.Debug|x64.Build.0 = Debug|Any CPU
		{6F484A2A-2B4D-4BE6-8E31-A8D7C0FE8D48}.Debug|x86.ActiveCfg = Debug|Any CPU
		{6F484A2A-2B4D-4BE6-8E31-A8D7C0FE8D48}.Debug|x86.Build.0 = Debug|Any CPU
		{6F484A2A-2B4D-4BE6-8E31-A8D7C0FE8D48}.Release|Any CPU.ActiveCfg = Release|Any CPU
		{6F484A2A-2B4D-4BE6-8E31-A8D7C0FE8D48}.Release|Any CPU.Build.0 = Release|Any CPU
		{6F484A2A-2B4D-4BE6-8E31-A8D7C0FE8D48}.Release|x64.ActiveCfg = Release|Any CPU
		{6F484A2A-2B4D-4BE6-8E31-A8D7C0FE8D48}.Release|x64.Build.0 = Release|Any CPU
		{6F484A2A-2B4D-4BE6-8E31-A8D7C0FE8D48}.Release|x86.ActiveCfg = Release|Any CPU
		{6F484A2A-2B4D-4BE6-8E31-A8D7C0FE8D48}.Release|x86.Build.0 = Release|Any CPU
		{3B51A469-1F74-4E7D-9E6C-F89CD61E5963}.Debug|Any CPU.ActiveCfg = Debug|Any CPU
		{3B51A469-1F74-4E7D-9E6C-F89CD61E5963}.Debug|Any CPU.Build.0 = Debug|Any CPU
		{3B51A469-1F74-4E7D-9E6C-F89CD61E5963}.Debug|x64.ActiveCfg = Debug|Any CPU
		{3B51A469-1F74-4E7D-9E6C-F89CD61E5963}.Debug|x64.Build.0 = Debug|Any CPU
		{3B51A469-1F74-4E7D-9E6C-F89CD61E5963}.Debug|x86.ActiveCfg = Debug|Any CPU
		{3B51A469-1F74-4E7D-9E6C-F89CD61E5963}.Debug|x86.Build.0 = Debug|Any CPU
		{3B51A469-1F74-4E7D-9E6C-F89CD61E5963}.Release|Any CPU.ActiveCfg = Release|Any CPU
		{3B51A469-1F74-4E7D-9E6C-F89CD61E5963}.Release|Any CPU.Build.0 = Release|Any CPU
		{3B51A469-1F74-4E7D-9E6C-F89CD61E5963}.Release|x64.ActiveCfg = Release|Any CPU
		{3B51A469-1F74-4E7D-9E6C-F89CD61E5963}.Release|x64.Build.0 = Release|Any CPU
		{3B51A469-1F74-4E7D-9E6C-F89CD61E5963}.Release|x86.ActiveCfg = Release|Any CPU
		{3B51A469-1F74-4E7D-9E6C-F89CD61E5963}.Release|x86.Build.0 = Release|Any CPU
	EndGlobalSection
EndGlobal
